{"1.2.0",
[{<<"ecpool">>,
  {git,"https://github.com/emqx/ecpool",
       {ref,"a47f6e23bc476ee4c223e5cdc2cad34b9fe38bd2"}},
  0},
 {<<"epgsql">>,
  {git,"https://github.com/epgsql/epgsql",
       {ref,"895c8f9d53f08d09ec6a0301c56d3d6f270929f2"}},
  0},
 {<<"gproc">>,{pkg,<<"gproc">>,<<"0.8.0">>},1}]}.
[
{pkg_hash,[
 {<<"gproc">>, <<"CEA02C578589C61E5341FCE149EA36CCEF236CC2ECAC8691FBA408E7EA77EC2F">>}]},
{pkg_hash_ext,[
 {<<"gproc">>, <<"580ADAFA56463B75263EF5A5DF4C86AF321F68694E7786CB057FD805D1E2A7DE">>}]}
].
